<?xml version="1.0" encoding="utf-8"?>
<Project ToolsVersion="4.0" xmlns="http://schemas.microsoft.com/developer/msbuild/2003">
  <ItemGroup>
    <Filter Include="Source Files">
      <UniqueIdentifier>{4FC737F1-C7A5-4376-A066-2A32D752A2FF}</UniqueIdentifier>
      <Extensions>cpp;c;cc;cxx;c++;def;odl;idl;hpj;bat;asm;asmx</Extensions>
    </Filter>
    <Filter Include="Header Files">
      <UniqueIdentifier>{93995380-89BD-4b04-88EB-625FBE52EBFB}</UniqueIdentifier>
      <Extensions>h;hh;hpp;hxx;h++;hm;inl;inc;ipp;xsd</Extensions>
    </Filter>
    <Filter Include="ImGui">
      <UniqueIdentifier>{29cf3925-e29c-4ff6-ad32-87d1b87d339c}</UniqueIdentifier>
    </Filter>
    <Filter Include="Header Files\TestLand">
      <UniqueIdentifier>{8c6dc5fa-4113-429b-aa19-c4ebcd5b3ca5}</UniqueIdentifier>
    </Filter>
    <Filter Include="Header Files\TestLand\BlueMenu">
      <UniqueIdentifier>{486afbad-5da2-4091-8770-e8f2e3af1280}</UniqueIdentifier>
    </Filter>
    <Filter Include="Header Files\TestLand\Not Working on">
      <UniqueIdentifier>{c36498ad-585d-402b-bda3-d842f35bfa8f}</UniqueIdentifier>
    </Filter>
    <Filter Include="Header Files\TestLand\Not Working on\Broken UI need to fix idk when">
      <UniqueIdentifier>{3c4fade2-592c-42f2-a96d-7eaabe1da79b}</UniqueIdentifier>
    </Filter>
    <Filter Include="Header Files\TestLand\Not Working on\Broken UI need to fix idk when\New UI">
      <UniqueIdentifier>{9a79aacb-5c5a-459c-867c-75d6bccf8114}</UniqueIdentifier>
    </Filter>
    <Filter Include="Header Files\TestLand\Not Working on\Broken UI need to fix idk when\Normal">
      <UniqueIdentifier>{e288cece-c393-47d2-80ea-620882f23cdb}</UniqueIdentifier>
    </Filter>
    <Filter Include="Header Files\TestLand\Not Working on\Broken UI need to fix idk when\Simple">
      <UniqueIdentifier>{d7334ebf-1eee-4fb9-89a4-8b9db99c6003}</UniqueIdentifier>
    </Filter>
    <Filter Include="Header Files\TestLand\Not Working on\SouthsUI">
      <UniqueIdentifier>{77a24a45-170e-4952-8dc4-295b6eba194f}</UniqueIdentifier>
    </Filter>
    <Filter Include="Header Files\Misc">
      <UniqueIdentifier>{91f3bb69-8e19-4bff-a288-056db2c0e361}</UniqueIdentifier>
    </Filter>
    <Filter Include="Header Files\TestLand\BlueMenu\Backend">
      <UniqueIdentifier>{2616d525-551f-4609-adfe-33c84723b9f1}</UniqueIdentifier>
    </Filter>
    <Filter Include="Header Files\TestLand\BlueMenu\Control">
      <UniqueIdentifier>{b3f2f8d9-005d-469c-849f-709136941701}</UniqueIdentifier>
    </Filter>
    <Filter Include="Header Files\TestLand\BlueMenu\Option">
      <UniqueIdentifier>{d6192da0-09e9-4e4b-9ce4-ac8e78d738ca}</UniqueIdentifier>
    </Filter>
    <Filter Include="Header Files\TestLand\BlueMenu\Backend\Main">
      <UniqueIdentifier>{a56de60f-358b-41e3-85c5-7372df5b04f7}</UniqueIdentifier>
    </Filter>
  </ItemGroup>
  <ItemGroup>
    <ClCompile Include="Main.cpp">
      <Filter>Source Files</Filter>
    </ClCompile>
    <ClCompile Include="ImGui\imgui.cpp">
      <Filter>ImGui</Filter>
    </ClCompile>
    <ClCompile Include="ImGui\imgui_demo.cpp">
      <Filter>ImGui</Filter>
    </ClCompile>
    <ClCompile Include="ImGui\imgui_draw.cpp">
      <Filter>ImGui</Filter>
    </ClCompile>
    <ClCompile Include="ImGui\imgui_impl_dx11.cpp">
      <Filter>ImGui</Filter>
    </ClCompile>
    <ClCompile Include="ImGui\imgui_impl_win32.cpp">
      <Filter>ImGui</Filter>
    </ClCompile>
    <ClCompile Include="ImGui\imgui_widgets.cpp">
      <Filter>ImGui</Filter>
    </ClCompile>
    <ClCompile Include="Aston.cpp">
      <Filter>Header Files\TestLand\Not Working on\SouthsUI</Filter>
    </ClCompile>
    <ClCompile Include="Control.cpp">
      <Filter>Header Files\TestLand\BlueMenu\Control</Filter>
    </ClCompile>
    <ClCompile Include="BluesUI.cpp">
      <Filter>Header Files\TestLand\BlueMenu\Backend</Filter>
    </ClCompile>
    <ClCompile Include="Option.cpp">
      <Filter>Header Files\TestLand\BlueMenu\Option</Filter>
    </ClCompile>
    <ClCompile Include="Blue.cpp">
      <Filter>Header Files\TestLand\BlueMenu\Backend\Main</Filter>
    </ClCompile>
    <ClCompile Include="Menu.cpp">
      <Filter>Header Files\TestLand\BlueMenu</Filter>
    </ClCompile>
  </ItemGroup>
  <ItemGroup>
    <ClInclude Include="ImGui\imconfig.h">
      <Filter>ImGui</Filter>
    </ClInclude>
    <ClInclude Include="ImGui\imgui.h">
      <Filter>ImGui</Filter>
    </ClInclude>
    <ClInclude Include="ImGui\imgui_impl_dx11.h">
      <Filter>ImGui</Filter>
    </ClInclude>
    <ClInclude Include="ImGui\imgui_impl_win32.h">
      <Filter>ImGui</Filter>
    </ClInclude>
    <ClInclude Include="ImGui\imgui_internal.h">
      <Filter>ImGui</Filter>
    </ClInclude>
    <ClInclude Include="ImGui\imstb_rectpack.h">
      <Filter>ImGui</Filter>
    </ClInclude>
    <ClInclude Include="ImGui\imstb_textedit.h">
      <Filter>ImGui</Filter>
    </ClInclude>
    <ClInclude Include="ImGui\imstb_truetype.h">
      <Filter>ImGui</Filter>
    </ClInclude>
    <ClInclude Include="IncludeFiles.h">
      <Filter>Header Files\Misc</Filter>
    </ClInclude>
    <ClInclude Include="Functions.h">
      <Filter>Header Files\Misc</Filter>
    </ClInclude>
    <ClInclude Include="Font.h">
      <Filter>Header Files\Misc</Filter>
    </ClInclude>
    <ClInclude Include="stb_image.h">
      <Filter>Source Files</Filter>
    </ClInclude>
    <ClInclude Include="NewUI\Menu.h">
      <Filter>Header Files\TestLand\Not Working on\Broken UI need to fix idk when\New UI</Filter>
    </ClInclude>
    <ClInclude Include="NewUI\UI.h">
      <Filter>Header Files\TestLand\Not Working on\Broken UI need to fix idk when\New UI</Filter>
    </ClInclude>
    <ClInclude Include="Normal Menu.h">
      <Filter>Header Files\TestLand\Not Working on\Broken UI need to fix idk when\Normal</Filter>
    </ClInclude>
    <ClInclude Include="Normal UI.h">
      <Filter>Header Files\TestLand\Not Working on\Broken UI need to fix idk when\Normal</Filter>
    </ClInclude>
    <ClInclude Include="Simple Menu.h">
      <Filter>Header Files\TestLand\Not Working on\Broken UI need to fix idk when\Simple</Filter>
    </ClInclude>
    <ClInclude Include="Simple UI.h">
      <Filter>Header Files\TestLand\Not Working on\Broken UI need to fix idk when\Simple</Filter>
    </ClInclude>
    <ClInclude Include="UI.h">
      <Filter>Header Files\TestLand\Not Working on\Broken UI need to fix idk when</Filter>
    </ClInclude>
    <ClInclude Include="Control.h">
      <Filter>Header Files\TestLand\BlueMenu\Control</Filter>
    </ClInclude>
    <ClInclude Include="BluesUI.h">
      <Filter>Header Files\TestLand\BlueMenu\Backend</Filter>
    </ClInclude>
    <ClInclude Include="Option.h">
      <Filter>Header Files\TestLand\BlueMenu\Option</Filter>
    </ClInclude>
    <ClInclude Include="Blue.h">
      <Filter>Header Files\TestLand\BlueMenu\Backend\Main</Filter>
    </ClInclude>
  </ItemGroup>
  <ItemGroup>
    <Text Include="Notes.txt" />
  </ItemGroup>
</Project>