<?xml version="1.0" encoding="utf-8"?>
<Project ToolsVersion="4.0" xmlns="http://schemas.microsoft.com/developer/msbuild/2003">
  <ItemGroup>
    <Filter Include="Source Files">
      <UniqueIdentifier>{4FC737F1-C7A5-4376-A066-2A32D752A2FF}</UniqueIdentifier>
      <Extensions>cpp;c;cc;cxx;c++;def;odl;idl;hpj;bat;asm;asmx</Extensions>
    </Filter>
    <Filter Include="Header Files">
      <UniqueIdentifier>{93995380-89BD-4b04-88EB-625FBE52EBFB}</UniqueIdentifier>
      <Extensions>h;hh;hpp;hxx;h++;hm;inl;inc;ipp;xsd</Extensions>
    </Filter>
    <Filter Include="ImGui">
      <UniqueIdentifier>{29cf3925-e29c-4ff6-ad32-87d1b87d339c}</UniqueIdentifier>
    </Filter>
    <Filter Include="Header Files\TestLand">
      <UniqueIdentifier>{8c6dc5fa-4113-429b-aa19-c4ebcd5b3ca5}</UniqueIdentifier>
    </Filter>
    <Filter Include="Header Files\TestLand\Not Working on">
      <UniqueIdentifier>{c36498ad-585d-402b-bda3-d842f35bfa8f}</UniqueIdentifier>
    </Filter>
    <Filter Include="Header Files\TestLand\Not Working on\Broken UI need to fix idk when">
      <UniqueIdentifier>{3c4fade2-592c-42f2-a96d-7eaabe1da79b}</UniqueIdentifier>
    </Filter>
    <Filter Include="Header Files\TestLand\Not Working on\Broken UI need to fix idk when\New UI">
      <UniqueIdentifier>{9a79aacb-5c5a-459c-867c-75d6bccf8114}</UniqueIdentifier>
    </Filter>
    <Filter Include="Header Files\TestLand\Not Working on\Broken UI need to fix idk when\Normal">
      <UniqueIdentifier>{e288cece-c393-47d2-80ea-620882f23cdb}</UniqueIdentifier>
    </Filter>
    <Filter Include="Header Files\TestLand\Not Working on\Broken UI need to fix idk when\Simple">
      <UniqueIdentifier>{d7334ebf-1eee-4fb9-89a4-8b9db99c6003}</UniqueIdentifier>
    </Filter>
    <Filter Include="Header Files\TestLand\Not Working on\SouthsUI">
      <UniqueIdentifier>{77a24a45-170e-4952-8dc4-295b6eba194f}</UniqueIdentifier>
    </Filter>
    <Filter Include="Header Files\Misc">
      <UniqueIdentifier>{91f3bb69-8e19-4bff-a288-056db2c0e361}</UniqueIdentifier>
    </Filter>
    <Filter Include="Header Files\TestLand\Horizon UI">
      <UniqueIdentifier>{b10f8827-9b77-4637-8330-6c9f3de7d6f8}</UniqueIdentifier>
    </Filter>
    <Filter Include="Header Files\TestLand\Control">
      <UniqueIdentifier>{b3f2f8d9-005d-469c-849f-709136941701}</UniqueIdentifier>
    </Filter>
    <Filter Include="Header Files\TestLand\RedMenu">
      <UniqueIdentifier>{432fd3ba-3bbf-4e69-8e66-f2314d674a30}</UniqueIdentifier>
    </Filter>
    <Filter Include="Header Files\TestLand\RedMenu\backend">
      <UniqueIdentifier>{0d46961e-a72f-4086-9446-ec1110b40400}</UniqueIdentifier>
    </Filter>
    <Filter Include="Header Files\TestLand\RedMenu\backend\UI">
      <UniqueIdentifier>{74a154f7-dd15-4aa3-b193-ad4e298dfe1b}</UniqueIdentifier>
    </Filter>
    <Filter Include="Header Files\TestLand\RedMenu\Frontend">
      <UniqueIdentifier>{30a8c9e6-a5c0-48de-8d7a-9739f361ca19}</UniqueIdentifier>
    </Filter>
    <Filter Include="Header Files\TestLand\RedMenu\Frontend\Menu">
      <UniqueIdentifier>{11547806-00a5-4307-a3da-2389ea367156}</UniqueIdentifier>
    </Filter>
    <Filter Include="Header Files\TestLand\RedMenu\Frontend\Options">
      <UniqueIdentifier>{9274a0fb-6dfe-4445-ad19-0abfd7706c2d}</UniqueIdentifier>
    </Filter>
  </ItemGroup>
  <ItemGroup>
    <ClCompile Include="Main.cpp">
      <Filter>Source Files</Filter>
    </ClCompile>
    <ClCompile Include="ImGui\imgui.cpp">
      <Filter>ImGui</Filter>
    </ClCompile>
    <ClCompile Include="ImGui\imgui_demo.cpp">
      <Filter>ImGui</Filter>
    </ClCompile>
    <ClCompile Include="ImGui\imgui_draw.cpp">
      <Filter>ImGui</Filter>
    </ClCompile>
    <ClCompile Include="ImGui\imgui_impl_dx11.cpp">
      <Filter>ImGui</Filter>
    </ClCompile>
    <ClCompile Include="ImGui\imgui_impl_win32.cpp">
      <Filter>ImGui</Filter>
    </ClCompile>
    <ClCompile Include="ImGui\imgui_widgets.cpp">
      <Filter>ImGui</Filter>
    </ClCompile>
    <ClCompile Include="Aston.cpp">
      <Filter>Header Files\TestLand\Not Working on\SouthsUI</Filter>
    </ClCompile>
    <ClCompile Include="Control.cpp">
      <Filter>Header Files\TestLand\Control</Filter>
    </ClCompile>
    <ClCompile Include="Horizon.cpp">
      <Filter>Header Files\TestLand\Horizon UI</Filter>
    </ClCompile>
    <ClCompile Include="RedMenu\backend.cpp">
      <Filter>Header Files\TestLand\RedMenu\backend</Filter>
    </ClCompile>
    <ClCompile Include="RedMenu\UI.cpp">
      <Filter>Header Files\TestLand\RedMenu\backend\UI</Filter>
    </ClCompile>
    <ClCompile Include="RedMenu\Menu.cpp">
      <Filter>Header Files\TestLand\RedMenu\Frontend\Menu</Filter>
    </ClCompile>
    <ClCompile Include="Options.cpp">
      <Filter>Header Files\TestLand\RedMenu\Frontend\Options</Filter>
    </ClCompile>
  </ItemGroup>
  <ItemGroup>
    <ClInclude Include="ImGui\imconfig.h">
      <Filter>ImGui</Filter>
    </ClInclude>
    <ClInclude Include="ImGui\imgui.h">
      <Filter>ImGui</Filter>
    </ClInclude>
    <ClInclude Include="ImGui\imgui_impl_dx11.h">
      <Filter>ImGui</Filter>
    </ClInclude>
    <ClInclude Include="ImGui\imgui_impl_win32.h">
      <Filter>ImGui</Filter>
    </ClInclude>
    <ClInclude Include="ImGui\imgui_internal.h">
      <Filter>ImGui</Filter>
    </ClInclude>
    <ClInclude Include="ImGui\imstb_rectpack.h">
      <Filter>ImGui</Filter>
    </ClInclude>
    <ClInclude Include="ImGui\imstb_textedit.h">
      <Filter>ImGui</Filter>
    </ClInclude>
    <ClInclude Include="ImGui\imstb_truetype.h">
      <Filter>ImGui</Filter>
    </ClInclude>
    <ClInclude Include="IncludeFiles.h">
      <Filter>Header Files\Misc</Filter>
    </ClInclude>
    <ClInclude Include="Functions.h">
      <Filter>Header Files\Misc</Filter>
    </ClInclude>
    <ClInclude Include="Font.h">
      <Filter>Header Files\Misc</Filter>
    </ClInclude>
    <ClInclude Include="stb_image.h">
      <Filter>Source Files</Filter>
    </ClInclude>
    <ClInclude Include="NewUI\Menu.h">
      <Filter>Header Files\TestLand\Not Working on\Broken UI need to fix idk when\New UI</Filter>
    </ClInclude>
    <ClInclude Include="NewUI\UI.h">
      <Filter>Header Files\TestLand\Not Working on\Broken UI need to fix idk when\New UI</Filter>
    </ClInclude>
    <ClInclude Include="Normal Menu.h">
      <Filter>Header Files\TestLand\Not Working on\Broken UI need to fix idk when\Normal</Filter>
    </ClInclude>
    <ClInclude Include="Normal UI.h">
      <Filter>Header Files\TestLand\Not Working on\Broken UI need to fix idk when\Normal</Filter>
    </ClInclude>
    <ClInclude Include="Simple Menu.h">
      <Filter>Header Files\TestLand\Not Working on\Broken UI need to fix idk when\Simple</Filter>
    </ClInclude>
    <ClInclude Include="Simple UI.h">
      <Filter>Header Files\TestLand\Not Working on\Broken UI need to fix idk when\Simple</Filter>
    </ClInclude>
    <ClInclude Include="UI.h">
      <Filter>Header Files\TestLand\Not Working on\Broken UI need to fix idk when</Filter>
    </ClInclude>
    <ClInclude Include="Control.h">
      <Filter>Header Files\TestLand\Control</Filter>
    </ClInclude>
    <ClInclude Include="RedMenu\backend.h">
      <Filter>Header Files\TestLand\RedMenu\backend</Filter>
    </ClInclude>
    <ClInclude Include="RedMenu\UI.h">
      <Filter>Header Files\TestLand\RedMenu\backend\UI</Filter>
    </ClInclude>
    <ClInclude Include="RedMenu\Menu.h">
      <Filter>Header Files\TestLand\RedMenu\Frontend\Menu</Filter>
    </ClInclude>
    <ClInclude Include="Options.h">
      <Filter>Header Files\TestLand\RedMenu\Frontend\Options</Filter>
    </ClInclude>
  </ItemGroup>
  <ItemGroup>
    <Text Include="Notes.txt" />
  </ItemGroup>
</Project>